
Microsoft Visual Studio Solution File, Format Version 12.00
Project("{FAE04EC0-301F-11D3-BF4B-00C04F79EFBC}") = "Nexora.Api", "Nexora.Api\Nexora.Api.csproj", "{4B5872E6-7044-4213-8AA2-8453A4C70625}"
EndProject
Project("{FAE04EC0-301F-11D3-BF4B-00C04F79EFBC}") = "Nexora.Application", "Nexora.Application\Nexora.Application.csproj", "{50D74047-870F-404E-A45C-E99EF9A35C8A}"
EndProject
Project("{FAE04EC0-301F-11D3-BF4B-00C04F79EFBC}") = "Nexora.Infrastructure", "Nexora.Infrastructure\Nexora.Infrastructure.csproj", "{3F96E337-2093-4048-8A8E-816DF913F1AC}"
EndProject
Project("{FAE04EC0-301F-11D3-BF4B-00C04F79EFBC}") = "Nexora.Domain", "Nexora.Domain\Nexora.Domain.csproj", "{D4767ACB-0C4E-47E3-941D-E815BC996FA2}"
EndProject
Global
	GlobalSection(SolutionConfigurationPlatforms) = preSolution
		Debug|Any CPU = Debug|Any CPU
		Release|Any CPU = Release|Any CPU
	EndGlobalSection
	GlobalSection(ProjectConfigurationPlatforms) = postSolution
		{4B5872E6-7044-4213-8AA2-8453A4C70625}.Debug|Any CPU.ActiveCfg = Debug|Any CPU
		{4B5872E6-7044-4213-8AA2-8453A4C70625}.Debug|Any CPU.Build.0 = Debug|Any CPU
		{4B5872E6-7044-4213-8AA2-8453A4C70625}.Release|Any CPU.ActiveCfg = Release|Any CPU
		{4B5872E6-7044-4213-8AA2-8453A4C70625}.Release|Any CPU.Build.0 = Release|Any CPU
		{50D74047-870F-404E-A45C-E99EF9A35C8A}.Debug|Any CPU.ActiveCfg = Debug|Any CPU
		{50D74047-870F-404E-A45C-E99EF9A35C8A}.Debug|Any CPU.Build.0 = Debug|Any CPU
		{50D74047-870F-404E-A45C-E99EF9A35C8A}.Release|Any CPU.ActiveCfg = Release|Any CPU
		{50D74047-870F-404E-A45C-E99EF9A35C8A}.Release|Any CPU.Build.0 = Release|Any CPU
		{3F96E337-2093-4048-8A8E-816DF913F1AC}.Debug|Any CPU.ActiveCfg = Debug|Any CPU
		{3F96E337-2093-4048-8A8E-816DF913F1AC}.Debug|Any CPU.Build.0 = Debug|Any CPU
		{3F96E337-2093-4048-8A8E-816DF913F1AC}.Release|Any CPU.ActiveCfg = Release|Any CPU
		{3F96E337-2093-4048-8A8E-816DF913F1AC}.Release|Any CPU.Build.0 = Release|Any CPU
		{D4767ACB-0C4E-47E3-941D-E815BC996FA2}.Debug|Any CPU.ActiveCfg = Debug|Any CPU
		{D4767ACB-0C4E-47E3-941D-E815BC996FA2}.Debug|Any CPU.Build.0 = Debug|Any CPU
		{D4767ACB-0C4E-47E3-941D-E815BC996FA2}.Release|Any CPU.ActiveCfg = Release|Any CPU
		{D4767ACB-0C4E-47E3-941D-E815BC996FA2}.Release|Any CPU.Build.0 = Release|Any CPU
	EndGlobalSection
EndGlobal
